{
  "name": "bazaarlink-radar",
  "version": "0.9.3",
  "lockfileVersion": 3,
  "requires": true,
  "packages": {
    "": {
      "name": "bazaarlink-radar",
      "version": "0.9.3",
      "license": "MIT",
      "bin": {
        "bl-radar": "src/cli.mjs"
      },
      "engines": {
        "node": ">=22"
      }
    }
  }
}
